
Microsoft Visual Studio Solution File, Format Version 12.00
# Visual Studio Version 17
VisualStudioVersion = 17.13.35931.197 d17.13
MinimumVisualStudioVersion = 10.0.40219.1
Project("{FAE04EC0-301F-11D3-BF4B-00C04F79EFBC}") = "Student Management System", "Student Management System.csproj", "{AFD501CF-B0E8-46A5-9979-8EF301257398}"
EndProject
Global
	GlobalSection(SolutionConfigurationPlatforms) = preSolution
		Debug|Any CPU = Debug|Any CPU
		Release|Any CPU = Release|Any CPU
	EndGlobalSection
	GlobalSection(ProjectConfigurationPlatforms) = postSolution
		{AFD501CF-B0E8-46A5-9979-8EF301257398}.Debug|Any CPU.ActiveCfg = Debug|Any CPU
		{AFD501CF-B0E8-46A5-9979-8EF301257398}.Debug|Any CPU.Build.0 = Debug|Any CPU
		{AFD501CF-B0E8-46A5-9979-8EF301257398}.Release|Any CPU.ActiveCfg = Release|Any CPU
		{AFD501CF-B0E8-46A5-9979-8EF301257398}.Release|Any CPU.Build.0 = Release|Any CPU
	EndGlobalSection
	GlobalSection(SolutionProperties) = preSolution
		HideSolutionNode = FALSE
	EndGlobalSection
	GlobalSection(ExtensibilityGlobals) = postSolution
		SolutionGuid = {6698294D-97A5-4FB7-A7FB-1D18B58F71F5}
	EndGlobalSection
EndGlobal
